github.com/buraksekili/bak v0.0.0-20220123122121-f438e76f3833 h1:im9gcuWFoTuEApLvYcaBU7vkSEZZlWgqmKtHvsBTv18=
github.com/buraksekili/bak v0.0.0-20220123122121-f438e76f3833/go.mod h1:fo3yufeHfGb9tSfKNWOtb8gG8ljVVpC0iaSrTjVjyNU=
github.com/buraksekili/bak v0.0.0-20220123132153-571d9925b28d h1:/wfdtdrNVO1pXvV/XMYu8p4w2wNITaxq7ZM7/RkhRlY=
github.com/buraksekili/bak v0.0.0-20220123132153-571d9925b28d/go.mod h1:fo3yufeHfGb9tSfKNWOtb8gG8ljVVpC0iaSrTjVjyNU=
